hash: f8a5c963cad275d5284a17cd7f1593bdd7ca5307519a7b4fffea753b79978a8a
updated: 2019-01-25T19:07:10.9361376-06:00
imports:
- name: github.com/mattn/go-sqlite3
  version: 3fa1c550ffa69b74dc4bfd5109b4e218f32c87cf
- name: goji.io
  version: 0eb45c4b63bfd2c78f70b22b0cfbc65f58b78e73
  subpackages:
  - internal
  - pat
  - pattern
testImports: []
